
Microsoft Visual Studio Solution File, Format Version 12.00
# Visual Studio Version 17
VisualStudioVersion = 17.14.36804.6
MinimumVisualStudioVersion = 10.0.40219.1
Project("{2150E333-8FDC-42A3-9474-1A3956D46DE8}") = "Services", "Services", "{02EA681E-C7D8-13C7-8484-4AC65E1B71E8}"
EndProject
Project("{2150E333-8FDC-42A3-9474-1A3956D46DE8}") = "Catalog", "Catalog", "{AA99770A-4C0A-4D96-A82B-92C1FB2D7D34}"
EndProject
Project("{FAE04EC0-301F-11D3-BF4B-00C04F79EFBC}") = "CatalogAPI", "Services\Catalog\CatalogAPI\CatalogAPI.csproj", "{D9253684-A039-4873-84A3-E5FC3863DEC3}"
EndProject
Project("{2150E333-8FDC-42A3-9474-1A3956D46DE8}") = "BuildingBlocks", "BuildingBlocks", "{40F325DA-F446-428D-96DE-D1921E960678}"
EndProject
Project("{FAE04EC0-301F-11D3-BF4B-00C04F79EFBC}") = "BuildingBlocks", "BuildingBlocks\BuildingBlocks\BuildingBlocks.csproj", "{534D308A-6431-4C52-BCF1-6D623AE86C56}"
EndProject
Global
	GlobalSection(SolutionConfigurationPlatforms) = preSolution
		Debug|Any CPU = Debug|Any CPU
		Release|Any CPU = Release|Any CPU
	EndGlobalSection
	GlobalSection(ProjectConfigurationPlatforms) = postSolution
		{D9253684-A039-4873-84A3-E5FC3863DEC3}.Debug|Any CPU.ActiveCfg = Debug|Any CPU
		{D9253684-A039-4873-84A3-E5FC3863DEC3}.Debug|Any CPU.Build.0 = Debug|Any CPU
		{D9253684-A039-4873-84A3-E5FC3863DEC3}.Release|Any CPU.ActiveCfg = Release|Any CPU
		{D9253684-A039-4873-84A3-E5FC3863DEC3}.Release|Any CPU.Build.0 = Release|Any CPU
		{534D308A-6431-4C52-BCF1-6D623AE86C56}.Debug|Any CPU.ActiveCfg = Debug|Any CPU
		{534D308A-6431-4C52-BCF1-6D623AE86C56}.Debug|Any CPU.Build.0 = Debug|Any CPU
		{534D308A-6431-4C52-BCF1-6D623AE86C56}.Release|Any CPU.ActiveCfg = Release|Any CPU
		{534D308A-6431-4C52-BCF1-6D623AE86C56}.Release|Any CPU.Build.0 = Release|Any CPU
	EndGlobalSection
	GlobalSection(SolutionProperties) = preSolution
		HideSolutionNode = FALSE
	EndGlobalSection
	GlobalSection(NestedProjects) = preSolution
		{AA99770A-4C0A-4D96-A82B-92C1FB2D7D34} = {02EA681E-C7D8-13C7-8484-4AC65E1B71E8}
		{D9253684-A039-4873-84A3-E5FC3863DEC3} = {AA99770A-4C0A-4D96-A82B-92C1FB2D7D34}
		{534D308A-6431-4C52-BCF1-6D623AE86C56} = {40F325DA-F446-428D-96DE-D1921E960678}
	EndGlobalSection
	GlobalSection(ExtensibilityGlobals) = postSolution
		SolutionGuid = {518935C6-FA68-4E54-9620-53FAC91FD05C}
	EndGlobalSection
EndGlobal
