
Microsoft Visual Studio Solution File, Format Version 12.00
# Visual Studio Version 18
VisualStudioVersion = 18.1.11312.151
MinimumVisualStudioVersion = 10.0.40219.1
Project("{2150E333-8FDC-42A3-9474-1A3956D46DE8}") = "Services", "Services", "{02EA681E-C7D8-13C7-8484-4AC65E1B71E8}"
EndProject
Project("{2150E333-8FDC-42A3-9474-1A3956D46DE8}") = "Catalog", "Catalog", "{AA99770A-4C0A-4D96-A82B-92C1FB2D7D34}"
EndProject
Project("{FAE04EC0-301F-11D3-BF4B-00C04F79EFBC}") = "CatalogAPI", "Services\Catalog\CatalogAPI\CatalogAPI.csproj", "{D9253684-A039-4873-84A3-E5FC3863DEC3}"
EndProject
Project("{2150E333-8FDC-42A3-9474-1A3956D46DE8}") = "BuildingBlocks", "BuildingBlocks", "{40F325DA-F446-428D-96DE-D1921E960678}"
EndProject
Project("{FAE04EC0-301F-11D3-BF4B-00C04F79EFBC}") = "BuildingBlocks", "BuildingBlocks\BuildingBlocks\BuildingBlocks.csproj", "{534D308A-6431-4C52-BCF1-6D623AE86C56}"
EndProject
Project("{E53339B2-1760-4266-BCC7-CA923CBCF16C}") = "docker-compose", "docker-compose.dcproj", "{81DDED9D-158B-E303-5F62-77A2896D2A5A}"
EndProject
Project("{2150E333-8FDC-42A3-9474-1A3956D46DE8}") = "Basket", "Basket", "{1A48A543-32C5-428E-ACE7-D50E98B7ECD1}"
EndProject
Project("{FAE04EC0-301F-11D3-BF4B-00C04F79EFBC}") = "Basket.API", "Services\Basket\Basket.API\Basket.API.csproj", "{B56D6252-B383-4886-AF1A-8A6C1BD6EB0A}"
EndProject
Project("{2150E333-8FDC-42A3-9474-1A3956D46DE8}") = "Discount", "Discount", "{6C652C73-0964-49B8-906C-AB6B17B66AA4}"
EndProject
Project("{FAE04EC0-301F-11D3-BF4B-00C04F79EFBC}") = "Discount.Grpc", "Services\Discount\Discount.Grpc\Discount.Grpc.csproj", "{8D6D22F1-A0F3-4577-8461-E01920843E34}"
EndProject
Project("{2150E333-8FDC-42A3-9474-1A3956D46DE8}") = "Ordering", "Ordering", "{2F336F2A-21DA-4FCF-B45A-37016C1F9180}"
EndProject
Project("{FAE04EC0-301F-11D3-BF4B-00C04F79EFBC}") = "Ordering.Api", "Services\Ordering\Ordering.Api\Ordering.Api.csproj", "{48CF60E1-9EA1-4CC7-A0E9-593B9D59897C}"
EndProject
Project("{FAE04EC0-301F-11D3-BF4B-00C04F79EFBC}") = "Ordering.Domain", "Services\Ordering\Ordering.Domain\Ordering.Domain.csproj", "{A8C12CAE-0E45-4D7C-870C-F33BFDA92F45}"
EndProject
Project("{FAE04EC0-301F-11D3-BF4B-00C04F79EFBC}") = "Ordering.Application", "Services\Ordering\Ordering.Application\Ordering.Application.csproj", "{14A0C28C-A62B-4AC6-B4D8-3066FF9E2FFF}"
EndProject
Project("{FAE04EC0-301F-11D3-BF4B-00C04F79EFBC}") = "Ordering.Infrastructure", "Services\Ordering\Ordering.Infrastructure\Ordering.Infrastructure.csproj", "{47558CF9-F88D-4680-9B72-534D60F3A2DC}"
EndProject
Global
	GlobalSection(SolutionConfigurationPlatforms) = preSolution
		Debug|Any CPU = Debug|Any CPU
		Release|Any CPU = Release|Any CPU
	EndGlobalSection
	GlobalSection(ProjectConfigurationPlatforms) = postSolution
		{D9253684-A039-4873-84A3-E5FC3863DEC3}.Debug|Any CPU.ActiveCfg = Debug|Any CPU
		{D9253684-A039-4873-84A3-E5FC3863DEC3}.Debug|Any CPU.Build.0 = Debug|Any CPU
		{D9253684-A039-4873-84A3-E5FC3863DEC3}.Release|Any CPU.ActiveCfg = Release|Any CPU
		{D9253684-A039-4873-84A3-E5FC3863DEC3}.Release|Any CPU.Build.0 = Release|Any CPU
		{534D308A-6431-4C52-BCF1-6D623AE86C56}.Debug|Any CPU.ActiveCfg = Debug|Any CPU
		{534D308A-6431-4C52-BCF1-6D623AE86C56}.Debug|Any CPU.Build.0 = Debug|Any CPU
		{534D308A-6431-4C52-BCF1-6D623AE86C56}.Release|Any CPU.ActiveCfg = Release|Any CPU
		{534D308A-6431-4C52-BCF1-6D623AE86C56}.Release|Any CPU.Build.0 = Release|Any CPU
		{81DDED9D-158B-E303-5F62-77A2896D2A5A}.Debug|Any CPU.ActiveCfg = Debug|Any CPU
		{81DDED9D-158B-E303-5F62-77A2896D2A5A}.Debug|Any CPU.Build.0 = Debug|Any CPU
		{81DDED9D-158B-E303-5F62-77A2896D2A5A}.Release|Any CPU.ActiveCfg = Release|Any CPU
		{81DDED9D-158B-E303-5F62-77A2896D2A5A}.Release|Any CPU.Build.0 = Release|Any CPU
		{B56D6252-B383-4886-AF1A-8A6C1BD6EB0A}.Debug|Any CPU.ActiveCfg = Debug|Any CPU
		{B56D6252-B383-4886-AF1A-8A6C1BD6EB0A}.Debug|Any CPU.Build.0 = Debug|Any CPU
		{B56D6252-B383-4886-AF1A-8A6C1BD6EB0A}.Release|Any CPU.ActiveCfg = Release|Any CPU
		{B56D6252-B383-4886-AF1A-8A6C1BD6EB0A}.Release|Any CPU.Build.0 = Release|Any CPU
		{8D6D22F1-A0F3-4577-8461-E01920843E34}.Debug|Any CPU.ActiveCfg = Debug|Any CPU
		{8D6D22F1-A0F3-4577-8461-E01920843E34}.Debug|Any CPU.Build.0 = Debug|Any CPU
		{8D6D22F1-A0F3-4577-8461-E01920843E34}.Release|Any CPU.ActiveCfg = Release|Any CPU
		{8D6D22F1-A0F3-4577-8461-E01920843E34}.Release|Any CPU.Build.0 = Release|Any CPU
		{48CF60E1-9EA1-4CC7-A0E9-593B9D59897C}.Debug|Any CPU.ActiveCfg = Debug|Any CPU
		{48CF60E1-9EA1-4CC7-A0E9-593B9D59897C}.Debug|Any CPU.Build.0 = Debug|Any CPU
		{48CF60E1-9EA1-4CC7-A0E9-593B9D59897C}.Release|Any CPU.ActiveCfg = Release|Any CPU
		{48CF60E1-9EA1-4CC7-A0E9-593B9D59897C}.Release|Any CPU.Build.0 = Release|Any CPU
		{A8C12CAE-0E45-4D7C-870C-F33BFDA92F45}.Debug|Any CPU.ActiveCfg = Debug|Any CPU
		{A8C12CAE-0E45-4D7C-870C-F33BFDA92F45}.Debug|Any CPU.Build.0 = Debug|Any CPU
		{A8C12CAE-0E45-4D7C-870C-F33BFDA92F45}.Release|Any CPU.ActiveCfg = Release|Any CPU
		{A8C12CAE-0E45-4D7C-870C-F33BFDA92F45}.Release|Any CPU.Build.0 = Release|Any CPU
		{14A0C28C-A62B-4AC6-B4D8-3066FF9E2FFF}.Debug|Any CPU.ActiveCfg = Debug|Any CPU
		{14A0C28C-A62B-4AC6-B4D8-3066FF9E2FFF}.Debug|Any CPU.Build.0 = Debug|Any CPU
		{14A0C28C-A62B-4AC6-B4D8-3066FF9E2FFF}.Release|Any CPU.ActiveCfg = Release|Any CPU
		{14A0C28C-A62B-4AC6-B4D8-3066FF9E2FFF}.Release|Any CPU.Build.0 = Release|Any CPU
		{47558CF9-F88D-4680-9B72-534D60F3A2DC}.Debug|Any CPU.ActiveCfg = Debug|Any CPU
		{47558CF9-F88D-4680-9B72-534D60F3A2DC}.Debug|Any CPU.Build.0 = Debug|Any CPU
		{47558CF9-F88D-4680-9B72-534D60F3A2DC}.Release|Any CPU.ActiveCfg = Release|Any CPU
		{47558CF9-F88D-4680-9B72-534D60F3A2DC}.Release|Any CPU.Build.0 = Release|Any CPU
	EndGlobalSection
	GlobalSection(SolutionProperties) = preSolution
		HideSolutionNode = FALSE
	EndGlobalSection
	GlobalSection(NestedProjects) = preSolution
		{AA99770A-4C0A-4D96-A82B-92C1FB2D7D34} = {02EA681E-C7D8-13C7-8484-4AC65E1B71E8}
		{D9253684-A039-4873-84A3-E5FC3863DEC3} = {AA99770A-4C0A-4D96-A82B-92C1FB2D7D34}
		{534D308A-6431-4C52-BCF1-6D623AE86C56} = {40F325DA-F446-428D-96DE-D1921E960678}
		{1A48A543-32C5-428E-ACE7-D50E98B7ECD1} = {02EA681E-C7D8-13C7-8484-4AC65E1B71E8}
		{B56D6252-B383-4886-AF1A-8A6C1BD6EB0A} = {1A48A543-32C5-428E-ACE7-D50E98B7ECD1}
		{6C652C73-0964-49B8-906C-AB6B17B66AA4} = {02EA681E-C7D8-13C7-8484-4AC65E1B71E8}
		{8D6D22F1-A0F3-4577-8461-E01920843E34} = {6C652C73-0964-49B8-906C-AB6B17B66AA4}
		{2F336F2A-21DA-4FCF-B45A-37016C1F9180} = {02EA681E-C7D8-13C7-8484-4AC65E1B71E8}
		{48CF60E1-9EA1-4CC7-A0E9-593B9D59897C} = {2F336F2A-21DA-4FCF-B45A-37016C1F9180}
		{A8C12CAE-0E45-4D7C-870C-F33BFDA92F45} = {2F336F2A-21DA-4FCF-B45A-37016C1F9180}
		{14A0C28C-A62B-4AC6-B4D8-3066FF9E2FFF} = {2F336F2A-21DA-4FCF-B45A-37016C1F9180}
		{47558CF9-F88D-4680-9B72-534D60F3A2DC} = {2F336F2A-21DA-4FCF-B45A-37016C1F9180}
	EndGlobalSection
	GlobalSection(ExtensibilityGlobals) = postSolution
		SolutionGuid = {518935C6-FA68-4E54-9620-53FAC91FD05C}
	EndGlobalSection
EndGlobal
